
Microsoft Visual Studio Solution File, Format Version 12.00
# Visual Studio 2012
Project("{FAE04EC0-301F-11D3-BF4B-00C04F79EFBC}") = "WebClient", "WebClient\WebClient.csproj", "{16ABED23-1595-48F7-A298-B688E5112DD6}"
	ProjectSection(ProjectDependencies) = postProject
		{15B3E0D2-6217-493A-A690-158C497F5318} = {15B3E0D2-6217-493A-A690-158C497F5318}
	EndProjectSection
EndProject
Project("{2150E333-8FDC-42A3-9474-1A3956D46DE8}") = "Data", "Data", "{AAD3F888-DD46-4B36-BDA6-54DDFCDBFB8A}"
EndProject
Project("{2150E333-8FDC-42A3-9474-1A3956D46DE8}") = "Images", "Images", "{5E271F29-A1AF-4488-B14A-F826DBC5D491}"
	ProjectSection(SolutionItems) = preProject
		Data\Images\glyphicons-halflings-white.png = Data\Images\glyphicons-halflings-white.png
		Data\Images\glyphicons-halflings.png = Data\Images\glyphicons-halflings.png
	EndProjectSection
EndProject
Project("{2150E333-8FDC-42A3-9474-1A3956D46DE8}") = "JavaScripts", "JavaScripts", "{DE01F755-F237-4AE8-9849-DFC63E4C4D60}"
	ProjectSection(SolutionItems) = preProject
		Data\JavaScripts\bootstrap.min.js = Data\JavaScripts\bootstrap.min.js
	EndProjectSection
EndProject
Project("{2150E333-8FDC-42A3-9474-1A3956D46DE8}") = "StyleSheets", "StyleSheets", "{F60606CB-BB6E-41C9-A4F4-2B4026A3AFED}"
	ProjectSection(SolutionItems) = preProject
		Data\StyleSheets\bootstrap-responsive.min.css = Data\StyleSheets\bootstrap-responsive.min.css
		Data\StyleSheets\bootstrap.min.css = Data\StyleSheets\bootstrap.min.css
	EndProjectSection
EndProject
Project("{FAE04EC0-301F-11D3-BF4B-00C04F79EFBC}") = "Repository", "Repository\Repository.csproj", "{662F800F-A237-4771-BF8F-73D2871AAFBE}"
EndProject
Project("{FAE04EC0-301F-11D3-BF4B-00C04F79EFBC}") = "Utils", "Utils\Utils.csproj", "{2B3F2DCC-F2DB-41D8-A452-6C9BBD60ED5B}"
EndProject
Project("{FAE04EC0-301F-11D3-BF4B-00C04F79EFBC}") = "Logging", "Logging\Logging.csproj", "{C5D5251C-C808-4665-BB15-B709DDDFC27E}"
EndProject
Project("{FAE04EC0-301F-11D3-BF4B-00C04F79EFBC}") = "RestfulAPI", "RestfulAPI\RestfulAPI.csproj", "{C08DBA48-3603-4E8E-B391-9185BAC99884}"
EndProject
Global
	GlobalSection(SolutionConfigurationPlatforms) = preSolution
		Debug|Any CPU = Debug|Any CPU
		Release|Any CPU = Release|Any CPU
	EndGlobalSection
	GlobalSection(ProjectConfigurationPlatforms) = postSolution
		{16ABED23-1595-48F7-A298-B688E5112DD6}.Debug|Any CPU.ActiveCfg = Debug|Any CPU
		{16ABED23-1595-48F7-A298-B688E5112DD6}.Debug|Any CPU.Build.0 = Debug|Any CPU
		{16ABED23-1595-48F7-A298-B688E5112DD6}.Release|Any CPU.ActiveCfg = Release|Any CPU
		{16ABED23-1595-48F7-A298-B688E5112DD6}.Release|Any CPU.Build.0 = Release|Any CPU
		{662F800F-A237-4771-BF8F-73D2871AAFBE}.Debug|Any CPU.ActiveCfg = Debug|Any CPU
		{662F800F-A237-4771-BF8F-73D2871AAFBE}.Debug|Any CPU.Build.0 = Debug|Any CPU
		{662F800F-A237-4771-BF8F-73D2871AAFBE}.Release|Any CPU.ActiveCfg = Release|Any CPU
		{662F800F-A237-4771-BF8F-73D2871AAFBE}.Release|Any CPU.Build.0 = Release|Any CPU
		{2B3F2DCC-F2DB-41D8-A452-6C9BBD60ED5B}.Debug|Any CPU.ActiveCfg = Debug|Any CPU
		{2B3F2DCC-F2DB-41D8-A452-6C9BBD60ED5B}.Debug|Any CPU.Build.0 = Debug|Any CPU
		{2B3F2DCC-F2DB-41D8-A452-6C9BBD60ED5B}.Release|Any CPU.ActiveCfg = Release|Any CPU
		{2B3F2DCC-F2DB-41D8-A452-6C9BBD60ED5B}.Release|Any CPU.Build.0 = Release|Any CPU
		{C5D5251C-C808-4665-BB15-B709DDDFC27E}.Debug|Any CPU.ActiveCfg = Debug|Any CPU
		{C5D5251C-C808-4665-BB15-B709DDDFC27E}.Debug|Any CPU.Build.0 = Debug|Any CPU
		{C5D5251C-C808-4665-BB15-B709DDDFC27E}.Release|Any CPU.ActiveCfg = Release|Any CPU
		{C5D5251C-C808-4665-BB15-B709DDDFC27E}.Release|Any CPU.Build.0 = Release|Any CPU
		{15B3E0D2-6217-493A-A690-158C497F5318}.Debug|Any CPU.ActiveCfg = Debug|Any CPU
		{15B3E0D2-6217-493A-A690-158C497F5318}.Debug|Any CPU.Build.0 = Debug|Any CPU
		{15B3E0D2-6217-493A-A690-158C497F5318}.Release|Any CPU.ActiveCfg = Release|Any CPU
		{15B3E0D2-6217-493A-A690-158C497F5318}.Release|Any CPU.Build.0 = Release|Any CPU
		{2F026880-D88D-46F1-87C6-3CF3FC355E70}.Debug|Any CPU.ActiveCfg = Debug|Any CPU
		{2F026880-D88D-46F1-87C6-3CF3FC355E70}.Debug|Any CPU.Build.0 = Debug|Any CPU
		{2F026880-D88D-46F1-87C6-3CF3FC355E70}.Release|Any CPU.ActiveCfg = Release|Any CPU
		{2F026880-D88D-46F1-87C6-3CF3FC355E70}.Release|Any CPU.Build.0 = Release|Any CPU
		{C08DBA48-3603-4E8E-B391-9185BAC99884}.Debug|Any CPU.ActiveCfg = Debug|Any CPU
		{C08DBA48-3603-4E8E-B391-9185BAC99884}.Debug|Any CPU.Build.0 = Debug|Any CPU
		{C08DBA48-3603-4E8E-B391-9185BAC99884}.Release|Any CPU.ActiveCfg = Release|Any CPU
		{C08DBA48-3603-4E8E-B391-9185BAC99884}.Release|Any CPU.Build.0 = Release|Any CPU
	EndGlobalSection
	GlobalSection(SolutionProperties) = preSolution
		HideSolutionNode = FALSE
	EndGlobalSection
	GlobalSection(NestedProjects) = preSolution
		{5E271F29-A1AF-4488-B14A-F826DBC5D491} = {AAD3F888-DD46-4B36-BDA6-54DDFCDBFB8A}
		{DE01F755-F237-4AE8-9849-DFC63E4C4D60} = {AAD3F888-DD46-4B36-BDA6-54DDFCDBFB8A}
		{F60606CB-BB6E-41C9-A4F4-2B4026A3AFED} = {AAD3F888-DD46-4B36-BDA6-54DDFCDBFB8A}
	EndGlobalSection
EndGlobal
